
Microsoft Visual Studio Solution File, Format Version 12.00
# Visual Studio 15
VisualStudioVersion = 15.0.28307.271
MinimumVisualStudioVersion = 10.0.40219.1
Project("{FAE04EC0-301F-11D3-BF4B-00C04F79EFBC}") = "IdentityAndEmail", "IdentityAndEmail\IdentityAndEmail.csproj", "{AEA9AF9F-9CDF-42FC-B2F4-F21D9BAC65D0}"
EndProject
Global
	GlobalSection(SolutionConfigurationPlatforms) = preSolution
		Debug|Any CPU = Debug|Any CPU
		Release|Any CPU = Release|Any CPU
	EndGlobalSection
	GlobalSection(ProjectConfigurationPlatforms) = postSolution
		{AEA9AF9F-9CDF-42FC-B2F4-F21D9BAC65D0}.Debug|Any CPU.ActiveCfg = Debug|Any CPU
		{AEA9AF9F-9CDF-42FC-B2F4-F21D9BAC65D0}.Debug|Any CPU.Build.0 = Debug|Any CPU
		{AEA9AF9F-9CDF-42FC-B2F4-F21D9BAC65D0}.Release|Any CPU.ActiveCfg = Release|Any CPU
		{AEA9AF9F-9CDF-42FC-B2F4-F21D9BAC65D0}.Release|Any CPU.Build.0 = Release|Any CPU
	EndGlobalSection
	GlobalSection(SolutionProperties) = preSolution
		HideSolutionNode = FALSE
	EndGlobalSection
	GlobalSection(ExtensibilityGlobals) = postSolution
		SolutionGuid = {0F787640-5040-49C3-818A-FA1485302114}
	EndGlobalSection
EndGlobal
